
Microsoft Visual Studio Solution File, Format Version 12.00
# Visual Studio Version 17
VisualStudioVersion = 17.14.37012.4 d17.14
MinimumVisualStudioVersion = 10.0.40219.1
Project("{8BC9CEB8-8B4A-11D0-8D11-00A0C91BC942}") = "01-Hello-KMDF", "01-Hello-KMDF.vcxproj", "{F7EF3F8B-B134-87D8-CD35-1D27F0D31CE2}"
EndProject
Global
	GlobalSection(SolutionConfigurationPlatforms) = preSolution
		Debug|ARM64 = Debug|ARM64
		Debug|x64 = Debug|x64
		Release|ARM64 = Release|ARM64
		Release|x64 = Release|x64
	EndGlobalSection
	GlobalSection(ProjectConfigurationPlatforms) = postSolution
		{F7EF3F8B-B134-87D8-CD35-1D27F0D31CE2}.Debug|ARM64.ActiveCfg = Debug|ARM64
		{F7EF3F8B-B134-87D8-CD35-1D27F0D31CE2}.Debug|ARM64.Build.0 = Debug|ARM64
		{F7EF3F8B-B134-87D8-CD35-1D27F0D31CE2}.Debug|ARM64.Deploy.0 = Debug|ARM64
		{F7EF3F8B-B134-87D8-CD35-1D27F0D31CE2}.Debug|x64.ActiveCfg = Debug|x64
		{F7EF3F8B-B134-87D8-CD35-1D27F0D31CE2}.Debug|x64.Build.0 = Debug|x64
		{F7EF3F8B-B134-87D8-CD35-1D27F0D31CE2}.Debug|x64.Deploy.0 = Debug|x64
		{F7EF3F8B-B134-87D8-CD35-1D27F0D31CE2}.Release|ARM64.ActiveCfg = Release|ARM64
		{F7EF3F8B-B134-87D8-CD35-1D27F0D31CE2}.Release|ARM64.Build.0 = Release|ARM64
		{F7EF3F8B-B134-87D8-CD35-1D27F0D31CE2}.Release|ARM64.Deploy.0 = Release|ARM64
		{F7EF3F8B-B134-87D8-CD35-1D27F0D31CE2}.Release|x64.ActiveCfg = Release|x64
		{F7EF3F8B-B134-87D8-CD35-1D27F0D31CE2}.Release|x64.Build.0 = Release|x64
		{F7EF3F8B-B134-87D8-CD35-1D27F0D31CE2}.Release|x64.Deploy.0 = Release|x64
	EndGlobalSection
	GlobalSection(SolutionProperties) = preSolution
		HideSolutionNode = FALSE
	EndGlobalSection
	GlobalSection(ExtensibilityGlobals) = postSolution
		SolutionGuid = {6046E114-7BB6-4772-9056-0159751DE827}
	EndGlobalSection
EndGlobal
